
Microsoft Visual Studio Solution File, Format Version 12.00
# Visual Studio Version 16
VisualStudioVersion = 16.0.30804.86
MinimumVisualStudioVersion = 10.0.40219.1
Project("{FAE04EC0-301F-11D3-BF4B-00C04F79EFBC}") = "MCTPaging", "MCTPaging\MCTPaging.csproj", "{1EE27901-4934-47B4-9821-427C6B367770}"
EndProject
Global
	GlobalSection(SolutionConfigurationPlatforms) = preSolution
		Debug|Any CPU = Debug|Any CPU
		Release|Any CPU = Release|Any CPU
	EndGlobalSection
	GlobalSection(ProjectConfigurationPlatforms) = postSolution
		{1EE27901-4934-47B4-9821-427C6B367770}.Debug|Any CPU.ActiveCfg = Debug|Any CPU
		{1EE27901-4934-47B4-9821-427C6B367770}.Debug|Any CPU.Build.0 = Debug|Any CPU
		{1EE27901-4934-47B4-9821-427C6B367770}.Release|Any CPU.ActiveCfg = Release|Any CPU
		{1EE27901-4934-47B4-9821-427C6B367770}.Release|Any CPU.Build.0 = Release|Any CPU
	EndGlobalSection
	GlobalSection(SolutionProperties) = preSolution
		HideSolutionNode = FALSE
	EndGlobalSection
	GlobalSection(ExtensibilityGlobals) = postSolution
		SolutionGuid = {B1E73525-BF77-4687-9369-5222C47B70B2}
	EndGlobalSection
EndGlobal
